
Microsoft Visual Studio Solution File, Format Version 12.00
# Visual Studio Version 16
VisualStudioVersion = 16.6.30114.105
MinimumVisualStudioVersion = 10.0.40219.1
Project("{2150E333-8FDC-42A3-9474-1A3956D46DE8}") = "src", "src", "{00F6D7E2-7129-452C-883D-79A80C946D80}"
EndProject
Project("{F2A71F9B-5D33-465A-A702-920D77279786}") = "Library", "src\Library\Library.fsproj", "{088C5134-ADB8-4EA4-8A90-0F0EABB74A56}"
EndProject
Project("{F2A71F9B-5D33-465A-A702-920D77279786}") = "App", "src\App\App.fsproj", "{891D3A69-6D3B-4BD2-81C2-4DD342BA4F76}"
EndProject
Global
	GlobalSection(SolutionConfigurationPlatforms) = preSolution
		Debug|Any CPU = Debug|Any CPU
		Debug|x64 = Debug|x64
		Debug|x86 = Debug|x86
		Release|Any CPU = Release|Any CPU
		Release|x64 = Release|x64
		Release|x86 = Release|x86
	EndGlobalSection
	GlobalSection(SolutionProperties) = preSolution
		HideSolutionNode = FALSE
	EndGlobalSection
	GlobalSection(ProjectConfigurationPlatforms) = postSolution
		{088C5134-ADB8-4EA4-8A90-0F0EABB74A56}.Debug|Any CPU.ActiveCfg = Debug|Any CPU
		{088C5134-ADB8-4EA4-8A90-0F0EABB74A56}.Debug|Any CPU.Build.0 = Debug|Any CPU
		{088C5134-ADB8-4EA4-8A90-0F0EABB74A56}.Debug|x64.ActiveCfg = Debug|Any CPU
		{088C5134-ADB8-4EA4-8A90-0F0EABB74A56}.Debug|x64.Build.0 = Debug|Any CPU
		{088C5134-ADB8-4EA4-8A90-0F0EABB74A56}.Debug|x86.ActiveCfg = Debug|Any CPU
		{088C5134-ADB8-4EA4-8A90-0F0EABB74A56}.Debug|x86.Build.0 = Debug|Any CPU
		{088C5134-ADB8-4EA4-8A90-0F0EABB74A56}.Release|Any CPU.ActiveCfg = Release|Any CPU
		{088C5134-ADB8-4EA4-8A90-0F0EABB74A56}.Release|Any CPU.Build.0 = Release|Any CPU
		{088C5134-ADB8-4EA4-8A90-0F0EABB74A56}.Release|x64.ActiveCfg = Release|Any CPU
		{088C5134-ADB8-4EA4-8A90-0F0EABB74A56}.Release|x64.Build.0 = Release|Any CPU
		{088C5134-ADB8-4EA4-8A90-0F0EABB74A56}.Release|x86.ActiveCfg = Release|Any CPU
		{088C5134-ADB8-4EA4-8A90-0F0EABB74A56}.Release|x86.Build.0 = Release|Any CPU
		{891D3A69-6D3B-4BD2-81C2-4DD342BA4F76}.Debug|Any CPU.ActiveCfg = Debug|Any CPU
		{891D3A69-6D3B-4BD2-81C2-4DD342BA4F76}.Debug|Any CPU.Build.0 = Debug|Any CPU
		{891D3A69-6D3B-4BD2-81C2-4DD342BA4F76}.Debug|x64.ActiveCfg = Debug|Any CPU
		{891D3A69-6D3B-4BD2-81C2-4DD342BA4F76}.Debug|x64.Build.0 = Debug|Any CPU
		{891D3A69-6D3B-4BD2-81C2-4DD342BA4F76}.Debug|x86.ActiveCfg = Debug|Any CPU
		{891D3A69-6D3B-4BD2-81C2-4DD342BA4F76}.Debug|x86.Build.0 = Debug|Any CPU
		{891D3A69-6D3B-4BD2-81C2-4DD342BA4F76}.Release|Any CPU.ActiveCfg = Release|Any CPU
		{891D3A69-6D3B-4BD2-81C2-4DD342BA4F76}.Release|Any CPU.Build.0 = Release|Any CPU
		{891D3A69-6D3B-4BD2-81C2-4DD342BA4F76}.Release|x64.ActiveCfg = Release|Any CPU
		{891D3A69-6D3B-4BD2-81C2-4DD342BA4F76}.Release|x64.Build.0 = Release|Any CPU
		{891D3A69-6D3B-4BD2-81C2-4DD342BA4F76}.Release|x86.ActiveCfg = Release|Any CPU
		{891D3A69-6D3B-4BD2-81C2-4DD342BA4F76}.Release|x86.Build.0 = Release|Any CPU
	EndGlobalSection
	GlobalSection(NestedProjects) = preSolution
		{088C5134-ADB8-4EA4-8A90-0F0EABB74A56} = {00F6D7E2-7129-452C-883D-79A80C946D80}
		{891D3A69-6D3B-4BD2-81C2-4DD342BA4F76} = {00F6D7E2-7129-452C-883D-79A80C946D80}
	EndGlobalSection
EndGlobal
